
Microsoft Visual Studio Solution File, Format Version 12.00
# Visual Studio Version 17
VisualStudioVersion = 17.8.34330.188
MinimumVisualStudioVersion = 10.0.40219.1
Project("{9A19103F-16F7-4668-BE54-9A1E7A4F7556}") = "FinanseControleSystem.UI", "FinanseControleSystem.UI\FinanseControleSystem.UI.csproj", "{F6068478-6E82-47BE-B5AA-1F257AE0BBBD}"
EndProject
Project("{FAE04EC0-301F-11D3-BF4B-00C04F79EFBC}") = "FinanseControleSystem.Logic", "FinanseControleSystem.Logic\FinanseControleSystem.Logic.csproj", "{5AC88E6E-9C8E-445F-9DAF-2E03A32C29CF}"
EndProject
Global
	GlobalSection(SolutionConfigurationPlatforms) = preSolution
		Debug|Any CPU = Debug|Any CPU
		Release|Any CPU = Release|Any CPU
	EndGlobalSection
	GlobalSection(ProjectConfigurationPlatforms) = postSolution
		{F6068478-6E82-47BE-B5AA-1F257AE0BBBD}.Debug|Any CPU.ActiveCfg = Debug|Any CPU
		{F6068478-6E82-47BE-B5AA-1F257AE0BBBD}.Debug|Any CPU.Build.0 = Debug|Any CPU
		{F6068478-6E82-47BE-B5AA-1F257AE0BBBD}.Release|Any CPU.ActiveCfg = Release|Any CPU
		{F6068478-6E82-47BE-B5AA-1F257AE0BBBD}.Release|Any CPU.Build.0 = Release|Any CPU
		{5AC88E6E-9C8E-445F-9DAF-2E03A32C29CF}.Debug|Any CPU.ActiveCfg = Debug|Any CPU
		{5AC88E6E-9C8E-445F-9DAF-2E03A32C29CF}.Debug|Any CPU.Build.0 = Debug|Any CPU
		{5AC88E6E-9C8E-445F-9DAF-2E03A32C29CF}.Release|Any CPU.ActiveCfg = Release|Any CPU
		{5AC88E6E-9C8E-445F-9DAF-2E03A32C29CF}.Release|Any CPU.Build.0 = Release|Any CPU
	EndGlobalSection
	GlobalSection(SolutionProperties) = preSolution
		HideSolutionNode = FALSE
	EndGlobalSection
	GlobalSection(ExtensibilityGlobals) = postSolution
		SolutionGuid = {A60C037F-05CA-4B0F-9F3B-81D0A93E5A39}
	EndGlobalSection
EndGlobal
